// !$*UTF8*$!
{
	archiveVersion = 1;
	classes = {
	};
	objectVersion = 46;
	objects = {

/* Begin PBXBuildFile section */
		F16C2F281CAF731F00C57725 /* AppDelegate.swift in Sources */ = {isa = PBXBuildFile; fileRef = F16C2F271CAF731F00C57725 /* AppDelegate.swift */; };
		F16C2F2D1CAF731F00C57725 /* Main.storyboard in Resources */ = {isa = PBXBuildFile; fileRef = F16C2F2B1CAF731F00C57725 /* Main.storyboard */; };
		F16C2F2F1CAF731F00C57725 /* Assets.xcassets in Resources */ = {isa = PBXBuildFile; fileRef = F16C2F2E1CAF731F00C57725 /* Assets.xcassets */; };
		F16C2F321CAF731F00C57725 /* LaunchScreen.storyboard in Resources */ = {isa = PBXBuildFile; fileRef = F16C2F301CAF731F00C57725 /* LaunchScreen.storyboard */; };
		F16C2F3D1CAF731F00C57725 /* meme2_0Tests.swift in Sources */ = {isa = PBXBuildFile; fileRef = F16C2F3C1CAF731F00C57725 /* meme2_0Tests.swift */; };
		F16C2F481CAF731F00C57725 /* meme2_0UITests.swift in Sources */ = {isa = PBXBuildFile; fileRef = F16C2F471CAF731F00C57725 /* meme2_0UITests.swift */; };
		F16C2F561CAF73E700C57725 /* Meme.swift in Sources */ = {isa = PBXBuildFile; fileRef = F16C2F551CAF73E700C57725 /* Meme.swift */; };
		F16C2F581CAF73F200C57725 /* MemeTableViewController.swift in Sources */ = {isa = PBXBuildFile; fileRef = F16C2F571CAF73F200C57725 /* MemeTableViewController.swift */; };
		F16C2F5E1CAF748300C57725 /* MemeCollectionViewCell.swift in Sources */ = {isa = PBXBuildFile; fileRef = F16C2F5D1CAF748300C57725 /* MemeCollectionViewCell.swift */; };
		F16C2F601CAF749900C57725 /* EditMemeViewController.swift in Sources */ = {isa = PBXBuildFile; fileRef = F16C2F5F1CAF749900C57725 /* EditMemeViewController.swift */; };
		F16C2F621CAF74C100C57725 /* MemeCollectionViewController.swift in Sources */ = {isa = PBXBuildFile; fileRef = F16C2F611CAF74C100C57725 /* MemeCollectionViewController.swift */; };
		F1C5EE971CB9A9520072B162 /* MemeDetailViewController.swift in Sources */ = {isa = PBXBuildFile; fileRef = F1C5EE961CB9A9520072B162 /* MemeDetailViewController.swift */; };
/* End PBXBuildFile section */

/* Begin PBXContainerItemProxy section */
		F16C2F391CAF731F00C57725 /* PBXContainerItemProxy */ = {
			isa = PBXContainerItemProxy;
			containerPortal = F16C2F1C1CAF731F00C57725 /* Project object */;
			proxyType = 1;
			remoteGlobalIDString = F16C2F231CAF731F00C57725;
			remoteInfo = "meme2-0";
		};
		F16C2F441CAF731F00C57725 /* PBXContainerItemProxy */ = {
			isa = PBXContainerItemProxy;
			containerPortal = F16C2F1C1CAF731F00C57725 /* Project object */;
			proxyType = 1;
			remoteGlobalIDString = F16C2F231CAF731F00C57725;
			remoteInfo = "meme2-0";
		};
/* End PBXContainerItemProxy section */

/* Begin PBXFileReference section */
		F16C2F241CAF731F00C57725 /* meme2-0.app */ = {isa = PBXFileReference; explicitFileType = wrapper.application; includeInIndex = 0; path = "meme2-0.app"; sourceTree = BUILT_PRODUCTS_DIR; };
		F16C2F271CAF731F00C57725 /* AppDelegate.swift */ = {isa = PBXFileReference; lastKnownFileType = sourcecode.swift; path = AppDelegate.swift; sourceTree = "<group>"; };
		F16C2F2C1CAF731F00C57725 /* Base */ = {isa = PBXFileReference; lastKnownFileType = file.storyboard; name = Base; path = Base.lproj/Main.storyboard; sourceTree = "<group>"; };
		F16C2F2E1CAF731F00C57725 /* Assets.xcassets */ = {isa = PBXFileReference; lastKnownFileType = folder.assetcatalog; path = Assets.xcassets; sourceTree = "<group>"; };
		F16C2F311CAF731F00C57725 /* Base */ = {isa = PBXFileReference; lastKnownFileType = file.storyboard; name = Base; path = Base.lproj/LaunchScreen.storyboard; sourceTree = "<group>"; };
		F16C2F331CAF731F00C57725 /* Info.plist */ = {isa = PBXFileReference; lastKnownFileType = text.plist.xml; path = Info.plist; sourceTree = "<group>"; };
		F16C2F381CAF731F00C57725 /* meme2-0Tests.xctest */ = {isa = PBXFileReference; explicitFileType = wrapper.cfbundle; includeInIndex = 0; path = "meme2-0Tests.xctest"; sourceTree = BUILT_PRODUCTS_DIR; };
		F16C2F3C1CAF731F00C57725 /* meme2_0Tests.swift */ = {isa = PBXFileReference; lastKnownFileType = sourcecode.swift; path = meme2_0Tests.swift; sourceTree = "<group>"; };
		F16C2F3E1CAF731F00C57725 /* Info.plist */ = {isa = PBXFileReference; lastKnownFileType = text.plist.xml; path = Info.plist; sourceTree = "<group>"; };
		F16C2F431CAF731F00C57725 /* meme2-0UITests.xctest */ = {isa = PBXFileReference; explicitFileType = wrapper.cfbundle; includeInIndex = 0; path = "meme2-0UITests.xctest"; sourceTree = BUILT_PRODUCTS_DIR; };
		F16C2F471CAF731F00C57725 /* meme2_0UITests.swift */ = {isa = PBXFileReference; lastKnownFileType = sourcecode.swift; path = meme2_0UITests.swift; sourceTree = "<group>"; };
		F16C2F491CAF731F00C57725 /* Info.plist */ = {isa = PBXFileReference; lastKnownFileType = text.plist.xml; path = Info.plist; sourceTree = "<group>"; };
		F16C2F551CAF73E700C57725 /* Meme.swift */ = {isa = PBXFileReference; fileEncoding = 4; lastKnownFileType = sourcecode.swift; path = Meme.swift; sourceTree = "<group>"; };
		F16C2F571CAF73F200C57725 /* MemeTableViewController.swift */ = {isa = PBXFileReference; fileEncoding = 4; lastKnownFileType = sourcecode.swift; path = MemeTableViewController.swift; sourceTree = "<group>"; };
		F16C2F5D1CAF748300C57725 /* MemeCollectionViewCell.swift */ = {isa = PBXFileReference; fileEncoding = 4; lastKnownFileType = sourcecode.swift; path = MemeCollectionViewCell.swift; sourceTree = "<group>"; };
		F16C2F5F1CAF749900C57725 /* EditMemeViewController.swift */ = {isa = PBXFileReference; fileEncoding = 4; lastKnownFileType = sourcecode.swift; path = EditMemeViewController.swift; sourceTree = "<group>"; };
		F16C2F611CAF74C100C57725 /* MemeCollectionViewController.swift */ = {isa = PBXFileReference; fileEncoding = 4; lastKnownFileType = sourcecode.swift; path = MemeCollectionViewController.swift; sourceTree = "<group>"; };
		F1C5EE961CB9A9520072B162 /* MemeDetailViewController.swift */ = {isa = PBXFileReference; fileEncoding = 4; lastKnownFileType = sourcecode.swift; path = MemeDetailViewController.swift; sourceTree = "<group>"; };
/* End PBXFileReference section */

/* Begin PBXFrameworksBuildPhase section */
		F16C2F211CAF731F00C57725 /* Frameworks */ = {
			isa = PBXFrameworksBuildPhase;
			buildActionMask = 2147483647;
			files = (
			);
			runOnlyForDeploymentPostprocessing = 0;
		};
		F16C2F351CAF731F00C57725 /* Frameworks */ = {
			isa = PBXFrameworksBuildPhase;
			buildActionMask = 2147483647;
			files = (
			);
			runOnlyForDeploymentPostprocessing = 0;
		};
		F16C2F401CAF731F00C57725 /* Frameworks */ = {
			isa = PBXFrameworksBuildPhase;
			buildActionMask = 2147483647;
			files = (
			);
			runOnlyForDeploymentPostprocessing = 0;
		};
/* End PBXFrameworksBuildPhase section */

/* Begin PBXGroup section */
		F16C2F1B1CAF731F00C57725 = {
			isa = PBXGroup;
			children = (
				F16C2F261CAF731F00C57725 /* meme2-0 */,
				F16C2F3B1CAF731F00C57725 /* meme2-0Tests */,
				F16C2F461CAF731F00C57725 /* meme2-0UITests */,
				F16C2F251CAF731F00C57725 /* Products */,
			);
			sourceTree = "<group>";
		};
		F16C2F251CAF731F00C57725 /* Products */ = {
			isa = PBXGroup;
			children = (
				F16C2F241CAF731F00C57725 /* meme2-0.app */,
				F16C2F381CAF731F00C57725 /* meme2-0Tests.xctest */,
				F16C2F431CAF731F00C57725 /* meme2-0UITests.xctest */,
			);
			name = Products;
			sourceTree = "<group>";
		};
		F16C2F261CAF731F00C57725 /* meme2-0 */ = {
			isa = PBXGroup;
			children = (
				F16C2F611CAF74C100C57725 /* MemeCollectionViewController.swift */,
				F16C2F5F1CAF749900C57725 /* EditMemeViewController.swift */,
				F16C2F5D1CAF748300C57725 /* MemeCollectionViewCell.swift */,
				F16C2F571CAF73F200C57725 /* MemeTableViewController.swift */,
				F16C2F551CAF73E700C57725 /* Meme.swift */,
				F16C2F271CAF731F00C57725 /* AppDelegate.swift */,
				F16C2F2B1CAF731F00C57725 /* Main.storyboard */,
				F16C2F2E1CAF731F00C57725 /* Assets.xcassets */,
				F16C2F301CAF731F00C57725 /* LaunchScreen.storyboard */,
				F16C2F331CAF731F00C57725 /* Info.plist */,
				F1C5EE961CB9A9520072B162 /* MemeDetailViewController.swift */,
			);
			path = "meme2-0";
			sourceTree = "<group>";
		};
		F16C2F3B1CAF731F00C57725 /* meme2-0Tests */ = {
			isa = PBXGroup;
			children = (
				F16C2F3C1CAF731F00C57725 /* meme2_0Tests.swift */,
				F16C2F3E1CAF731F00C57725 /* Info.plist */,
			);
			path = "meme2-0Tests";
			sourceTree = "<group>";
		};
		F16C2F461CAF731F00C57725 /* meme2-0UITests */ = {
			isa = PBXGroup;
			children = (
				F16C2F471CAF731F00C57725 /* meme2_0UITests.swift */,
				F16C2F491CAF731F00C57725 /* Info.plist */,
			);
			path = "meme2-0UITests";
			sourceTree = "<group>";
		};
/* End PBXGroup section */

/* Begin PBXNativeTarget section */
		F16C2F231CAF731F00C57725 /* meme2-0 */ = {
			isa = PBXNativeTarget;
			buildConfigurationList = F16C2F4C1CAF731F00C57725 /* Build configuration list for PBXNativeTarget "meme2-0" */;
			buildPhases = (
				F16C2F201CAF731F00C57725 /* Sources */,
				F16C2F211CAF731F00C57725 /* Frameworks */,
				F16C2F221CAF731F00C57725 /* Resources */,
			);
			buildRules = (
			);
			dependencies = (
			);
			name = "meme2-0";
			productName = "meme2-0";
			productReference = F16C2F241CAF731F00C57725 /* meme2-0.app */;
			productType = "com.apple.product-type.application";
		};
		F16C2F371CAF731F00C57725 /* meme2-0Tests */ = {
			isa = PBXNativeTarget;
			buildConfigurationList = F16C2F4F1CAF731F00C57725 /* Build configuration list for PBXNativeTarget "meme2-0Tests" */;
			buildPhases = (
				F16C2F341CAF731F00C57725 /* Sources */,
				F16C2F351CAF731F00C57725 /* Frameworks */,
				F16C2F361CAF731F00C57725 /* Resources */,
			);
			buildRules = (
			);
			dependencies = (
				F16C2F3A1CAF731F00C57725 /* PBXTargetDependency */,
			);
			name = "meme2-0Tests";
			productName = "meme2-0Tests";
			productReference = F16C2F381CAF731F00C57725 /* meme2-0Tests.xctest */;
			productType = "com.apple.product-type.bundle.unit-test";
		};
		F16C2F421CAF731F00C57725 /* meme2-0UITests */ = {
			isa = PBXNativeTarget;
			buildConfigurationList = F16C2F521CAF731F00C57725 /* Build configuration list for PBXNativeTarget "meme2-0UITests" */;
			buildPhases = (
				F16C2F3F1CAF731F00C57725 /* Sources */,
				F16C2F401CAF731F00C57725 /* Frameworks */,
				F16C2F411CAF731F00C57725 /* Resources */,
			);
			buildRules = (
			);
			dependencies = (
				F16C2F451CAF731F00C57725 /* PBXTargetDependency */,
			);
			name = "meme2-0UITests";
			productName = "meme2-0UITests";
			productReference = F16C2F431CAF731F00C57725 /* meme2-0UITests.xctest */;
			productType = "com.apple.product-type.bundle.ui-testing";
		};
/* End PBXNativeTarget section */

/* Begin PBXProject section */
		F16C2F1C1CAF731F00C57725 /* Project object */ = {
			isa = PBXProject;
			attributes = {
				LastSwiftUpdateCheck = 0720;
				LastUpgradeCheck = 0720;
				ORGANIZATIONNAME = "Shu-Mei Cheng";
				TargetAttributes = {
					F16C2F231CAF731F00C57725 = {
						CreatedOnToolsVersion = 7.2;
						DevelopmentTeam = KNSC7P9S3V;
						LastSwiftMigration = 0830;
					};
					F16C2F371CAF731F00C57725 = {
						CreatedOnToolsVersion = 7.2;
						DevelopmentTeam = KNSC7P9S3V;
						LastSwiftMigration = 0830;
						TestTargetID = F16C2F231CAF731F00C57725;
					};
					F16C2F421CAF731F00C57725 = {
						CreatedOnToolsVersion = 7.2;
						DevelopmentTeam = KNSC7P9S3V;
						LastSwiftMigration = 0830;
						TestTargetID = F16C2F231CAF731F00C57725;
					};
				};
			};
			buildConfigurationList = F16C2F1F1CAF731F00C57725 /* Build configuration list for PBXProject "meme2-0" */;
			compatibilityVersion = "Xcode 3.2";
			developmentRegion = English;
			hasScannedForEncodings = 0;
			knownRegions = (
				en,
				Base,
			);
			mainGroup = F16C2F1B1CAF731F00C57725;
			productRefGroup = F16C2F251CAF731F00C57725 /* Products */;
			projectDirPath = "";
			projectRoot = "";
			targets = (
				F16C2F231CAF731F00C57725 /* meme2-0 */,
				F16C2F371CAF731F00C57725 /* meme2-0Tests */,
				F16C2F421CAF731F00C57725 /* meme2-0UITests */,
			);
		};
/* End PBXProject section */

/* Begin PBXResourcesBuildPhase section */
		F16C2F221CAF731F00C57725 /* Resources */ = {
			isa = PBXResourcesBuildPhase;
			buildActionMask = 2147483647;
			files = (
				F16C2F321CAF731F00C57725 /* LaunchScreen.storyboard in Resources */,
				F16C2F2F1CAF731F00C57725 /* Assets.xcassets in Resources */,
				F16C2F2D1CAF731F00C57725 /* Main.storyboard in Resources */,
			);
			runOnlyForDeploymentPostprocessing = 0;
		};
		F16C2F361CAF731F00C57725 /* Resources */ = {
			isa = PBXResourcesBuildPhase;
			buildActionMask = 2147483647;
			files = (
			);
			runOnlyForDeploymentPostprocessing = 0;
		};
		F16C2F411CAF731F00C57725 /* Resources */ = {
			isa = PBXResourcesBuildPhase;
			buildActionMask = 2147483647;
			files = (
			);
			runOnlyForDeploymentPostprocessing = 0;
		};
/* End PBXResourcesBuildPhase section */

/* Begin PBXSourcesBuildPhase section */
		F16C2F201CAF731F00C57725 /* Sources */ = {
			isa = PBXSourcesBuildPhase;
			buildActionMask = 2147483647;
			files = (
				F16C2F5E1CAF748300C57725 /* MemeCollectionViewCell.swift in Sources */,
				F16C2F581CAF73F200C57725 /* MemeTableViewController.swift in Sources */,
				F16C2F281CAF731F00C57725 /* AppDelegate.swift in Sources */,
				F16C2F621CAF74C100C57725 /* MemeCollectionViewController.swift in Sources */,
				F16C2F561CAF73E700C57725 /* Meme.swift in Sources */,
				F16C2F601CAF749900C57725 /* EditMemeViewController.swift in Sources */,
				F1C5EE971CB9A9520072B162 /* MemeDetailViewController.swift in Sources */,
			);
			runOnlyForDeploymentPostprocessing = 0;
		};
		F16C2F341CAF731F00C57725 /* Sources */ = {
			isa = PBXSourcesBuildPhase;
			buildActionMask = 2147483647;
			files = (
				F16C2F3D1CAF731F00C57725 /* meme2_0Tests.swift in Sources */,
			);
			runOnlyForDeploymentPostprocessing = 0;
		};
		F16C2F3F1CAF731F00C57725 /* Sources */ = {
			isa = PBXSourcesBuildPhase;
			buildActionMask = 2147483647;
			files = (
				F16C2F481CAF731F00C57725 /* meme2_0UITests.swift in Sources */,
			);
			runOnlyForDeploymentPostprocessing = 0;
		};
/* End PBXSourcesBuildPhase section */

/* Begin PBXTargetDependency section */
		F16C2F3A1CAF731F00C57725 /* PBXTargetDependency */ = {
			isa = PBXTargetDependency;
			target = F16C2F231CAF731F00C57725 /* meme2-0 */;
			targetProxy = F16C2F391CAF731F00C57725 /* PBXContainerItemProxy */;
		};
		F16C2F451CAF731F00C57725 /* PBXTargetDependency */ = {
			isa = PBXTargetDependency;
			target = F16C2F231CAF731F00C57725 /* meme2-0 */;
			targetProxy = F16C2F441CAF731F00C57725 /* PBXContainerItemProxy */;
		};
/* End PBXTargetDependency section */

/* Begin PBXVariantGroup section */
		F16C2F2B1CAF731F00C57725 /* Main.storyboard */ = {
			isa = PBXVariantGroup;
			children = (
				F16C2F2C1CAF731F00C57725 /* Base */,
			);
			name = Main.storyboard;
			sourceTree = "<group>";
		};
		F16C2F301CAF731F00C57725 /* LaunchScreen.storyboard */ = {
			isa = PBXVariantGroup;
			children = (
				F16C2F311CAF731F00C57725 /* Base */,
			);
			name = LaunchScreen.storyboard;
			sourceTree = "<group>";
		};
/* End PBXVariantGroup section */

/* Begin XCBuildConfiguration section */
		F16C2F4A1CAF731F00C57725 /* Debug */ = {
			isa = XCBuildConfiguration;
			buildSettings = {
				ALWAYS_SEARCH_USER_PATHS = NO;
				CLANG_CXX_LANGUAGE_STANDARD = "gnu++0x";
				CLANG_CXX_LIBRARY = "libc++";
				CLANG_ENABLE_MODULES = YES;
				CLANG_ENABLE_OBJC_ARC = YES;
				CLANG_WARN_BOOL_CONVERSION = YES;
				CLANG_WARN_CONSTANT_CONVERSION = YES;
				CLANG_WARN_DIRECT_OBJC_ISA_USAGE = YES_ERROR;
				CLANG_WARN_EMPTY_BODY = YES;
				CLANG_WARN_ENUM_CONVERSION = YES;
				CLANG_WARN_INT_CONVERSION = YES;
				CLANG_WARN_OBJC_ROOT_CLASS = YES_ERROR;
				CLANG_WARN_UNREACHABLE_CODE = YES;
				CLANG_WARN__DUPLICATE_METHOD_MATCH = YES;
				"CODE_SIGN_IDENTITY[sdk=iphoneos*]" = "iPhone Developer";
				COPY_PHASE_STRIP = NO;
				DEBUG_INFORMATION_FORMAT = dwarf;
				ENABLE_STRICT_OBJC_MSGSEND = YES;
				ENABLE_TESTABILITY = YES;
				GCC_C_LANGUAGE_STANDARD = gnu99;
				GCC_DYNAMIC_NO_PIC = NO;
				GCC_NO_COMMON_BLOCKS = YES;
				GCC_OPTIMIZATION_LEVEL = 0;
				GCC_PREPROCESSOR_DEFINITIONS = (
					"DEBUG=1",
					"$(inherited)",
				);
				GCC_WARN_64_TO_32_BIT_CONVERSION = YES;
				GCC_WARN_ABOUT_RETURN_TYPE = YES_ERROR;
				GCC_WARN_UNDECLARED_SELECTOR = YES;
				GCC_WARN_UNINITIALIZED_AUTOS = YES_AGGRESSIVE;
				GCC_WARN_UNUSED_FUNCTION = YES;
				GCC_WARN_UNUSED_VARIABLE = YES;
				IPHONEOS_DEPLOYMENT_TARGET = 9.2;
				MTL_ENABLE_DEBUG_INFO = YES;
				ONLY_ACTIVE_ARCH = YES;
				SDKROOT = iphoneos;
				SWIFT_OPTIMIZATION_LEVEL = "-Onone";
			};
			name = Debug;
		};
		F16C2F4B1CAF731F00C57725 /* Release */ = {
			isa = XCBuildConfiguration;
			buildSettings = {
				ALWAYS_SEARCH_USER_PATHS = NO;
				CLANG_CXX_LANGUAGE_STANDARD = "gnu++0x";
				CLANG_CXX_LIBRARY = "libc++";
				CLANG_ENABLE_MODULES = YES;
				CLANG_ENABLE_OBJC_ARC = YES;
				CLANG_WARN_BOOL_CONVERSION = YES;
				CLANG_WARN_CONSTANT_CONVERSION = YES;
				CLANG_WARN_DIRECT_OBJC_ISA_USAGE = YES_ERROR;
				CLANG_WARN_EMPTY_BODY = YES;
				CLANG_WARN_ENUM_CONVERSION = YES;
				CLANG_WARN_INT_CONVERSION = YES;
				CLANG_WARN_OBJC_ROOT_CLASS = YES_ERROR;
				CLANG_WARN_UNREACHABLE_CODE = YES;
				CLANG_WARN__DUPLICATE_METHOD_MATCH = YES;
				"CODE_SIGN_IDENTITY[sdk=iphoneos*]" = "iPhone Developer";
				COPY_PHASE_STRIP = NO;
				DEBUG_INFORMATION_FORMAT = "dwarf-with-dsym";
				ENABLE_NS_ASSERTIONS = NO;
				ENABLE_STRICT_OBJC_MSGSEND = YES;
				GCC_C_LANGUAGE_STANDARD = gnu99;
				GCC_NO_COMMON_BLOCKS = YES;
				GCC_WARN_64_TO_32_BIT_CONVERSION = YES;
				GCC_WARN_ABOUT_RETURN_TYPE = YES_ERROR;
				GCC_WARN_UNDECLARED_SELECTOR = YES;
				GCC_WARN_UNINITIALIZED_AUTOS = YES_AGGRESSIVE;
				GCC_WARN_UNUSED_FUNCTION = YES;
				GCC_WARN_UNUSED_VARIABLE = YES;
				IPHONEOS_DEPLOYMENT_TARGET = 9.2;
				MTL_ENABLE_DEBUG_INFO = NO;
				SDKROOT = iphoneos;
				VALIDATE_PRODUCT = YES;
			};
			name = Release;
		};
		F16C2F4D1CAF731F00C57725 /* Debug */ = {
			isa = XCBuildConfiguration;
			buildSettings = {
				ASSETCATALOG_COMPILER_APPICON_NAME = AppIcon;
				CODE_SIGN_IDENTITY = "iPhone Developer";
				INFOPLIST_FILE = "meme2-0/Info.plist";
				LD_RUNPATH_SEARCH_PATHS = "$(inherited) @executable_path/Frameworks";
				PRODUCT_BUNDLE_IDENTIFIER = "shumei.cheng.ca-gmail.com.meme2-0";
				PRODUCT_NAME = "$(TARGET_NAME)";
				SWIFT_VERSION = 3.0;
			};
			name = Debug;
		};
		F16C2F4E1CAF731F00C57725 /* Release */ = {
			isa = XCBuildConfiguration;
			buildSettings = {
				ASSETCATALOG_COMPILER_APPICON_NAME = AppIcon;
				CODE_SIGN_IDENTITY = "iPhone Developer";
				INFOPLIST_FILE = "meme2-0/Info.plist";
				LD_RUNPATH_SEARCH_PATHS = "$(inherited) @executable_path/Frameworks";
				PRODUCT_BUNDLE_IDENTIFIER = "shumei.cheng.ca-gmail.com.meme2-0";
				PRODUCT_NAME = "$(TARGET_NAME)";
				SWIFT_VERSION = 3.0;
			};
			name = Release;
		};
		F16C2F501CAF731F00C57725 /* Debug */ = {
			isa = XCBuildConfiguration;
			buildSettings = {
				BUNDLE_LOADER = "$(TEST_HOST)";
				INFOPLIST_FILE = "meme2-0Tests/Info.plist";
				LD_RUNPATH_SEARCH_PATHS = "$(inherited) @executable_path/Frameworks @loader_path/Frameworks";
				PRODUCT_BUNDLE_IDENTIFIER = "shumei.cheng.ca-gmail.com.meme2-0Tests";
				PRODUCT_NAME = "$(TARGET_NAME)";
				SWIFT_VERSION = 3.0;
				TEST_HOST = "$(BUILT_PRODUCTS_DIR)/meme2-0.app/meme2-0";
			};
			name = Debug;
		};
		F16C2F511CAF731F00C57725 /* Release */ = {
			isa = XCBuildConfiguration;
			buildSettings = {
				BUNDLE_LOADER = "$(TEST_HOST)";
				INFOPLIST_FILE = "meme2-0Tests/Info.plist";
				LD_RUNPATH_SEARCH_PATHS = "$(inherited) @executable_path/Frameworks @loader_path/Frameworks";
				PRODUCT_BUNDLE_IDENTIFIER = "shumei.cheng.ca-gmail.com.meme2-0Tests";
				PRODUCT_NAME = "$(TARGET_NAME)";
				SWIFT_VERSION = 3.0;
				TEST_HOST = "$(BUILT_PRODUCTS_DIR)/meme2-0.app/meme2-0";
			};
			name = Release;
		};
		F16C2F531CAF731F00C57725 /* Debug */ = {
			isa = XCBuildConfiguration;
			buildSettings = {
				INFOPLIST_FILE = "meme2-0UITests/Info.plist";
				LD_RUNPATH_SEARCH_PATHS = "$(inherited) @executable_path/Frameworks @loader_path/Frameworks";
				PRODUCT_BUNDLE_IDENTIFIER = "shumei.cheng.ca-gmail.com.meme2-0UITests";
				PRODUCT_NAME = "$(TARGET_NAME)";
				SWIFT_VERSION = 3.0;
				TEST_TARGET_NAME = "meme2-0";
				USES_XCTRUNNER = YES;
			};
			name = Debug;
		};
		F16C2F541CAF731F00C57725 /* Release */ = {
			isa = XCBuildConfiguration;
			buildSettings = {
				INFOPLIST_FILE = "meme2-0UITests/Info.plist";
				LD_RUNPATH_SEARCH_PATHS = "$(inherited) @executable_path/Frameworks @loader_path/Frameworks";
				PRODUCT_BUNDLE_IDENTIFIER = "shumei.cheng.ca-gmail.com.meme2-0UITests";
				PRODUCT_NAME = "$(TARGET_NAME)";
				SWIFT_VERSION = 3.0;
				TEST_TARGET_NAME = "meme2-0";
				USES_XCTRUNNER = YES;
			};
			name = Release;
		};
/* End XCBuildConfiguration section */

/* Begin XCConfigurationList section */
		F16C2F1F1CAF731F00C57725 /* Build configuration list for PBXProject "meme2-0" */ = {
			isa = XCConfigurationList;
			buildConfigurations = (
				F16C2F4A1CAF731F00C57725 /* Debug */,
				F16C2F4B1CAF731F00C57725 /* Release */,
			);
			defaultConfigurationIsVisible = 0;
			defaultConfigurationName = Release;
		};
		F16C2F4C1CAF731F00C57725 /* Build configuration list for PBXNativeTarget "meme2-0" */ = {
			isa = XCConfigurationList;
			buildConfigurations = (
				F16C2F4D1CAF731F00C57725 /* Debug */,
				F16C2F4E1CAF731F00C57725 /* Release */,
			);
			defaultConfigurationIsVisible = 0;
			defaultConfigurationName = Release;
		};
		F16C2F4F1CAF731F00C57725 /* Build configuration list for PBXNativeTarget "meme2-0Tests" */ = {
			isa = XCConfigurationList;
			buildConfigurations = (
				F16C2F501CAF731F00C57725 /* Debug */,
				F16C2F511CAF731F00C57725 /* Release */,
			);
			defaultConfigurationIsVisible = 0;
			defaultConfigurationName = Release;
		};
		F16C2F521CAF731F00C57725 /* Build configuration list for PBXNativeTarget "meme2-0UITests" */ = {
			isa = XCConfigurationList;
			buildConfigurations = (
				F16C2F531CAF731F00C57725 /* Debug */,
				F16C2F541CAF731F00C57725 /* Release */,
			);
			defaultConfigurationIsVisible = 0;
			defaultConfigurationName = Release;
		};
/* End XCConfigurationList section */
	};
	rootObject = F16C2F1C1CAF731F00C57725 /* Project object */;
}
